
Microsoft Visual Studio Solution File, Format Version 12.00
# Visual Studio Version 16
VisualStudioVersion = 16.0.29905.134
MinimumVisualStudioVersion = 10.0.40219.1
Project("{2150E333-8FDC-42A3-9474-1A3956D46DE8}") = "Behavioral", "Behavioral", "{8B590E5E-049A-45CF-97A5-6BB18AE16CC3}"
EndProject
Project("{2150E333-8FDC-42A3-9474-1A3956D46DE8}") = "1_Strategy", "1_Strategy", "{9FED129E-073E-4579-A2A5-DC087E47EEBC}"
EndProject
Project("{9A19103F-16F7-4668-BE54-9A1E7A4F7556}") = "ExemploStrategy", "ExemploStrategy\ExemploStrategy.csproj", "{592CE61E-9AF9-4916-A9FB-388FC43275B9}"
EndProject
Project("{2150E333-8FDC-42A3-9474-1A3956D46DE8}") = "Structural", "Structural", "{EBBE042F-BB4A-44A0-96AB-A0F1AC737A68}"
EndProject
Project("{2150E333-8FDC-42A3-9474-1A3956D46DE8}") = "1_Adapter", "1_Adapter", "{3065381C-0318-41B6-85AE-E93BC5F87A96}"
EndProject
Project("{9A19103F-16F7-4668-BE54-9A1E7A4F7556}") = "ExemploAdapter", "ExemploAdapter\ExemploAdapter.csproj", "{FD4A60CB-911D-4A4A-B132-D680A8BA76D3}"
EndProject
Project("{2150E333-8FDC-42A3-9474-1A3956D46DE8}") = "2_Command", "2_Command", "{BDE25521-B7EC-4B16-B044-3E9F340DB2EF}"
EndProject
Project("{9A19103F-16F7-4668-BE54-9A1E7A4F7556}") = "ExemploCommand", "ExemploCommand\ExemploCommand.csproj", "{81F5C1F6-917C-4BCD-8DE5-183DFA085D9F}"
EndProject
Project("{2150E333-8FDC-42A3-9474-1A3956D46DE8}") = "2_Facade", "2_Facade", "{F92B046C-0C20-4AAD-A083-8D1127A51ACC}"
EndProject
Project("{9A19103F-16F7-4668-BE54-9A1E7A4F7556}") = "ExemploFacade", "ExemploFacade\ExemploFacade.csproj", "{A84352AE-0D3A-4423-B4AC-849CFC179E76}"
EndProject
Project("{2150E333-8FDC-42A3-9474-1A3956D46DE8}") = "3_Observer", "3_Observer", "{42A3C4A5-4E9D-48F8-BBAE-22947B910725}"
EndProject
Project("{9A19103F-16F7-4668-BE54-9A1E7A4F7556}") = "ExemploObserver", "ExemploObserver\ExemploObserver.csproj", "{33A42EF1-8D68-4697-A6FB-CAB0580D0129}"
EndProject
Project("{2150E333-8FDC-42A3-9474-1A3956D46DE8}") = "Creational", "Creational", "{F6487FC7-C51A-4B21-88B6-665DEDB1C615}"
EndProject
Project("{2150E333-8FDC-42A3-9474-1A3956D46DE8}") = "1_FactoryMethod", "1_FactoryMethod", "{21B9FDA3-4136-4344-BD69-D13D4E08F479}"
EndProject
Global
	GlobalSection(SolutionConfigurationPlatforms) = preSolution
		Debug|Any CPU = Debug|Any CPU
		Release|Any CPU = Release|Any CPU
	EndGlobalSection
	GlobalSection(ProjectConfigurationPlatforms) = postSolution
		{592CE61E-9AF9-4916-A9FB-388FC43275B9}.Debug|Any CPU.ActiveCfg = Debug|Any CPU
		{592CE61E-9AF9-4916-A9FB-388FC43275B9}.Debug|Any CPU.Build.0 = Debug|Any CPU
		{592CE61E-9AF9-4916-A9FB-388FC43275B9}.Release|Any CPU.ActiveCfg = Release|Any CPU
		{592CE61E-9AF9-4916-A9FB-388FC43275B9}.Release|Any CPU.Build.0 = Release|Any CPU
		{FD4A60CB-911D-4A4A-B132-D680A8BA76D3}.Debug|Any CPU.ActiveCfg = Debug|Any CPU
		{FD4A60CB-911D-4A4A-B132-D680A8BA76D3}.Debug|Any CPU.Build.0 = Debug|Any CPU
		{FD4A60CB-911D-4A4A-B132-D680A8BA76D3}.Release|Any CPU.ActiveCfg = Release|Any CPU
		{FD4A60CB-911D-4A4A-B132-D680A8BA76D3}.Release|Any CPU.Build.0 = Release|Any CPU
		{81F5C1F6-917C-4BCD-8DE5-183DFA085D9F}.Debug|Any CPU.ActiveCfg = Debug|Any CPU
		{81F5C1F6-917C-4BCD-8DE5-183DFA085D9F}.Debug|Any CPU.Build.0 = Debug|Any CPU
		{81F5C1F6-917C-4BCD-8DE5-183DFA085D9F}.Release|Any CPU.ActiveCfg = Release|Any CPU
		{81F5C1F6-917C-4BCD-8DE5-183DFA085D9F}.Release|Any CPU.Build.0 = Release|Any CPU
		{A84352AE-0D3A-4423-B4AC-849CFC179E76}.Debug|Any CPU.ActiveCfg = Debug|Any CPU
		{A84352AE-0D3A-4423-B4AC-849CFC179E76}.Debug|Any CPU.Build.0 = Debug|Any CPU
		{A84352AE-0D3A-4423-B4AC-849CFC179E76}.Release|Any CPU.ActiveCfg = Release|Any CPU
		{A84352AE-0D3A-4423-B4AC-849CFC179E76}.Release|Any CPU.Build.0 = Release|Any CPU
		{33A42EF1-8D68-4697-A6FB-CAB0580D0129}.Debug|Any CPU.ActiveCfg = Debug|Any CPU
		{33A42EF1-8D68-4697-A6FB-CAB0580D0129}.Debug|Any CPU.Build.0 = Debug|Any CPU
		{33A42EF1-8D68-4697-A6FB-CAB0580D0129}.Release|Any CPU.ActiveCfg = Release|Any CPU
		{33A42EF1-8D68-4697-A6FB-CAB0580D0129}.Release|Any CPU.Build.0 = Release|Any CPU
	EndGlobalSection
	GlobalSection(SolutionProperties) = preSolution
		HideSolutionNode = FALSE
	EndGlobalSection
	GlobalSection(NestedProjects) = preSolution
		{9FED129E-073E-4579-A2A5-DC087E47EEBC} = {8B590E5E-049A-45CF-97A5-6BB18AE16CC3}
		{592CE61E-9AF9-4916-A9FB-388FC43275B9} = {9FED129E-073E-4579-A2A5-DC087E47EEBC}
		{3065381C-0318-41B6-85AE-E93BC5F87A96} = {EBBE042F-BB4A-44A0-96AB-A0F1AC737A68}
		{FD4A60CB-911D-4A4A-B132-D680A8BA76D3} = {3065381C-0318-41B6-85AE-E93BC5F87A96}
		{BDE25521-B7EC-4B16-B044-3E9F340DB2EF} = {8B590E5E-049A-45CF-97A5-6BB18AE16CC3}
		{81F5C1F6-917C-4BCD-8DE5-183DFA085D9F} = {BDE25521-B7EC-4B16-B044-3E9F340DB2EF}
		{F92B046C-0C20-4AAD-A083-8D1127A51ACC} = {EBBE042F-BB4A-44A0-96AB-A0F1AC737A68}
		{A84352AE-0D3A-4423-B4AC-849CFC179E76} = {F92B046C-0C20-4AAD-A083-8D1127A51ACC}
		{42A3C4A5-4E9D-48F8-BBAE-22947B910725} = {8B590E5E-049A-45CF-97A5-6BB18AE16CC3}
		{33A42EF1-8D68-4697-A6FB-CAB0580D0129} = {42A3C4A5-4E9D-48F8-BBAE-22947B910725}
		{21B9FDA3-4136-4344-BD69-D13D4E08F479} = {F6487FC7-C51A-4B21-88B6-665DEDB1C615}
	EndGlobalSection
	GlobalSection(ExtensibilityGlobals) = postSolution
		SolutionGuid = {D6F7617F-C5BF-452A-9ACA-A70B81B4EF08}
	EndGlobalSection
EndGlobal
